hash: ad1749207d788df7cc3da45cfeb819570597df39ac86d8745511dfa3ec6239d3
updated: 2017-08-16T21:03:25.91800058+02:00
imports:
- name: github.com/go-chi/chi
  version: 25354a53cca531cb2efd3f1d3c565d90ff04d802
- name: github.com/naipath/mundiclient
  version: 4dfba9c2b73d2e00d394a3a4f2fa70bba379b9a2
- name: github.com/nfnt/resize
  version: 891127d8d1b52734debe1b3c3d7e747502b6c366
- name: golang.org/x/image
  version: 426cfd8eeb6e08ab1932954e09e3c2cb2bc6e36d
  subpackages:
  - bmp
- name: golang.org/x/text
  version: e56139fd9c5bc7244c76116c68e500765bb6db6b
  subpackages:
  - encoding
  - encoding/internal
  - encoding/internal/identifier
  - encoding/unicode
  - internal/utf8internal
  - runes
  - transform
- name: gopkg.in/yaml.v2
  version: eb3733d160e74a9c7e442f435eb3bea458e1d19f
testImports: []
