hash: ad1749207d788df7cc3da45cfeb819570597df39ac86d8745511dfa3ec6239d3
updated: 2017-09-21T20:18:35.72828242+02:00
imports:
- name: github.com/go-chi/chi
  version: 04ec7fc4179604b2390947258f9143eaae23b596
- name: github.com/naipath/mundiclient
  version: 26a2bf572449060efe82c0acd4691ae0d85df7e0
- name: github.com/nfnt/resize
  version: 891127d8d1b52734debe1b3c3d7e747502b6c366
- name: golang.org/x/image
  version: e20db36d77bd0cb36cea8fe49d5c37d82d21591f
  subpackages:
  - bmp
- name: golang.org/x/text
  version: 1cbadb444a806fd9430d14ad08967ed91da4fa0a
  subpackages:
  - encoding
  - encoding/internal
  - encoding/internal/identifier
  - encoding/unicode
  - internal/utf8internal
  - runes
  - transform
- name: gopkg.in/yaml.v2
  version: eb3733d160e74a9c7e442f435eb3bea458e1d19f
testImports: []
