hash: ffa8d74908708cc92c8ee8c528976fc75366c4d37ed6a3e47c97833cc4f50ccd
updated: 2017-09-28T20:08:55.93335603+02:00
imports:
- name: github.com/disintegration/imaging
  version: c3956f26e8f5f2370428d573648fedc717fbe51e
- name: github.com/go-chi/chi
  version: 04ec7fc4179604b2390947258f9143eaae23b596
- name: github.com/naipath/mundiclient
  version: 26a2bf572449060efe82c0acd4691ae0d85df7e0
- name: golang.org/x/image
  version: e20db36d77bd0cb36cea8fe49d5c37d82d21591f
  subpackages:
  - bmp
  - tiff
  - tiff/lzw
- name: golang.org/x/text
  version: 1cbadb444a806fd9430d14ad08967ed91da4fa0a
  subpackages:
  - encoding
  - encoding/internal
  - encoding/internal/identifier
  - encoding/unicode
  - internal/utf8internal
  - runes
  - transform
- name: gopkg.in/yaml.v2
  version: eb3733d160e74a9c7e442f435eb3bea458e1d19f
testImports: []
